
Microsoft Visual Studio Solution File, Format Version 9.00
# Visual Studio 2005
Project("{8BC9CEB8-8B4A-11D0-8D11-00A0C91BC942}") = "SpaceList-自写版", "SpaceList-自写版\SpaceList-自写版.vcproj", "{40898C48-D35D-4835-971E-5B56A620AB8B}"
EndProject
Global
	GlobalSection(SolutionConfigurationPlatforms) = preSolution
		Debug|Win32 = Debug|Win32
		Release|Win32 = Release|Win32
	EndGlobalSection
	GlobalSection(ProjectConfigurationPlatforms) = postSolution
		{40898C48-D35D-4835-971E-5B56A620AB8B}.Debug|Win32.ActiveCfg = Debug|Win32
		{40898C48-D35D-4835-971E-5B56A620AB8B}.Debug|Win32.Build.0 = Debug|Win32
		{40898C48-D35D-4835-971E-5B56A620AB8B}.Release|Win32.ActiveCfg = Release|Win32
		{40898C48-D35D-4835-971E-5B56A620AB8B}.Release|Win32.Build.0 = Release|Win32
	EndGlobalSection
	GlobalSection(SolutionProperties) = preSolution
		HideSolutionNode = FALSE
	EndGlobalSection
EndGlobal
