
Microsoft Visual Studio Solution File, Format Version 9.00
# Visual Studio 2005
Project("{8BC9CEB8-8B4A-11D0-8D11-00A0C91BC942}") = "中缀表达式转后缀，并打印二叉树", "中缀表达式转后缀，并打印二叉树\中缀表达式转后缀，并打印二叉树.vcproj", "{911CECAA-5A82-420F-A117-5563D512A92B}"
EndProject
Global
	GlobalSection(SolutionConfigurationPlatforms) = preSolution
		Debug|Win32 = Debug|Win32
		Release|Win32 = Release|Win32
	EndGlobalSection
	GlobalSection(ProjectConfigurationPlatforms) = postSolution
		{911CECAA-5A82-420F-A117-5563D512A92B}.Debug|Win32.ActiveCfg = Debug|Win32
		{911CECAA-5A82-420F-A117-5563D512A92B}.Debug|Win32.Build.0 = Debug|Win32
		{911CECAA-5A82-420F-A117-5563D512A92B}.Release|Win32.ActiveCfg = Release|Win32
		{911CECAA-5A82-420F-A117-5563D512A92B}.Release|Win32.Build.0 = Release|Win32
	EndGlobalSection
	GlobalSection(SolutionProperties) = preSolution
		HideSolutionNode = FALSE
	EndGlobalSection
EndGlobal
