
Microsoft Visual Studio Solution File, Format Version 9.00
# Visual Studio 2005
Project("{8BC9CEB8-8B4A-11D0-8D11-00A0C91BC942}") = "表达式", "表达式\表达式.vcproj", "{53254BA7-21CC-4B66-9B36-A4E9E78A201B}"
EndProject
Global
	GlobalSection(SolutionConfigurationPlatforms) = preSolution
		Debug|Win32 = Debug|Win32
		Release|Win32 = Release|Win32
	EndGlobalSection
	GlobalSection(ProjectConfigurationPlatforms) = postSolution
		{53254BA7-21CC-4B66-9B36-A4E9E78A201B}.Debug|Win32.ActiveCfg = Debug|Win32
		{53254BA7-21CC-4B66-9B36-A4E9E78A201B}.Debug|Win32.Build.0 = Debug|Win32
		{53254BA7-21CC-4B66-9B36-A4E9E78A201B}.Release|Win32.ActiveCfg = Release|Win32
		{53254BA7-21CC-4B66-9B36-A4E9E78A201B}.Release|Win32.Build.0 = Release|Win32
	EndGlobalSection
	GlobalSection(SolutionProperties) = preSolution
		HideSolutionNode = FALSE
	EndGlobalSection
EndGlobal
